
Microsoft Visual Studio Solution File, Format Version 12.00
# Visual Studio Version 17
VisualStudioVersion = 17.4.33213.308
MinimumVisualStudioVersion = 10.0.40219.1
Project("{FAE04EC0-301F-11D3-BF4B-00C04F79EFBC}") = "SwagTest", "SwagTest\SwagTest.csproj", "{A5838A5F-C9C5-4A39-A56B-846DCD3691BC}"
EndProject
Global
	GlobalSection(SolutionConfigurationPlatforms) = preSolution
		Debug|Any CPU = Debug|Any CPU
		Release|Any CPU = Release|Any CPU
	EndGlobalSection
	GlobalSection(ProjectConfigurationPlatforms) = postSolution
		{A5838A5F-C9C5-4A39-A56B-846DCD3691BC}.Debug|Any CPU.ActiveCfg = Debug|Any CPU
		{A5838A5F-C9C5-4A39-A56B-846DCD3691BC}.Debug|Any CPU.Build.0 = Debug|Any CPU
		{A5838A5F-C9C5-4A39-A56B-846DCD3691BC}.Release|Any CPU.ActiveCfg = Release|Any CPU
		{A5838A5F-C9C5-4A39-A56B-846DCD3691BC}.Release|Any CPU.Build.0 = Release|Any CPU
	EndGlobalSection
	GlobalSection(SolutionProperties) = preSolution
		HideSolutionNode = FALSE
	EndGlobalSection
	GlobalSection(ExtensibilityGlobals) = postSolution
		SolutionGuid = {382F0766-BE56-4E40-AC62-0E866E7537D4}
	EndGlobalSection
EndGlobal
